// !$*UTF8*$!
{
	archiveVersion = 1;
	classes = {
	};
	objectVersion = 46;
	objects = {

/* Begin PBXBuildFile section */
		D8D885001F2BA170009E549B /* GroceryItemTableViewCell.swift in Sources */ = {isa = PBXBuildFile; fileRef = D8D884FF1F2BA170009E549B /* GroceryItemTableViewCell.swift */; };
		D8EE28271F2B92A80066657E /* AppDelegate.swift in Sources */ = {isa = PBXBuildFile; fileRef = D8EE28261F2B92A80066657E /* AppDelegate.swift */; };
		D8EE282C1F2B92A80066657E /* Main.storyboard in Resources */ = {isa = PBXBuildFile; fileRef = D8EE282A1F2B92A80066657E /* Main.storyboard */; };
		D8EE282E1F2B92A80066657E /* Assets.xcassets in Resources */ = {isa = PBXBuildFile; fileRef = D8EE282D1F2B92A80066657E /* Assets.xcassets */; };
		D8EE28311F2B92A80066657E /* LaunchScreen.storyboard in Resources */ = {isa = PBXBuildFile; fileRef = D8EE282F1F2B92A80066657E /* LaunchScreen.storyboard */; };
		D8EE283A1F2B93900066657E /* ShoppingListTableViewController.swift in Sources */ = {isa = PBXBuildFile; fileRef = D8EE28391F2B93900066657E /* ShoppingListTableViewController.swift */; };
		D8EE283D1F2B93B50066657E /* CoreDataStack.swift in Sources */ = {isa = PBXBuildFile; fileRef = D8EE283C1F2B93B50066657E /* CoreDataStack.swift */; };
		D8EE28401F2B94D10066657E /* Shopping List.xcdatamodeld in Sources */ = {isa = PBXBuildFile; fileRef = D8EE283E1F2B94D10066657E /* Shopping List.xcdatamodeld */; };
		D8EE28431F2B956A0066657E /* GroceryItem.swift in Sources */ = {isa = PBXBuildFile; fileRef = D8EE28421F2B956A0066657E /* GroceryItem.swift */; };
		D8EE28451F2B962B0066657E /* GroceryItemModelController.swift in Sources */ = {isa = PBXBuildFile; fileRef = D8EE28441F2B962B0066657E /* GroceryItemModelController.swift */; };
/* End PBXBuildFile section */

/* Begin PBXFileReference section */
		D8D884FF1F2BA170009E549B /* GroceryItemTableViewCell.swift */ = {isa = PBXFileReference; fileEncoding = 4; lastKnownFileType = sourcecode.swift; path = GroceryItemTableViewCell.swift; sourceTree = "<group>"; };
		D8EE28231F2B92A80066657E /* Shopping List.app */ = {isa = PBXFileReference; explicitFileType = wrapper.application; includeInIndex = 0; path = "Shopping List.app"; sourceTree = BUILT_PRODUCTS_DIR; };
		D8EE28261F2B92A80066657E /* AppDelegate.swift */ = {isa = PBXFileReference; lastKnownFileType = sourcecode.swift; path = AppDelegate.swift; sourceTree = "<group>"; };
		D8EE282B1F2B92A80066657E /* Base */ = {isa = PBXFileReference; lastKnownFileType = file.storyboard; name = Base; path = Base.lproj/Main.storyboard; sourceTree = "<group>"; };
		D8EE282D1F2B92A80066657E /* Assets.xcassets */ = {isa = PBXFileReference; lastKnownFileType = folder.assetcatalog; path = Assets.xcassets; sourceTree = "<group>"; };
		D8EE28301F2B92A80066657E /* Base */ = {isa = PBXFileReference; lastKnownFileType = file.storyboard; name = Base; path = Base.lproj/LaunchScreen.storyboard; sourceTree = "<group>"; };
		D8EE28321F2B92A80066657E /* Info.plist */ = {isa = PBXFileReference; lastKnownFileType = text.plist.xml; path = Info.plist; sourceTree = "<group>"; };
		D8EE28391F2B93900066657E /* ShoppingListTableViewController.swift */ = {isa = PBXFileReference; fileEncoding = 4; lastKnownFileType = sourcecode.swift; path = ShoppingListTableViewController.swift; sourceTree = "<group>"; };
		D8EE283C1F2B93B50066657E /* CoreDataStack.swift */ = {isa = PBXFileReference; fileEncoding = 4; lastKnownFileType = sourcecode.swift; path = CoreDataStack.swift; sourceTree = "<group>"; };
		D8EE283F1F2B94D10066657E /* Shopping List.xcdatamodel */ = {isa = PBXFileReference; lastKnownFileType = wrapper.xcdatamodel; path = "Shopping List.xcdatamodel"; sourceTree = "<group>"; };
		D8EE28421F2B956A0066657E /* GroceryItem.swift */ = {isa = PBXFileReference; fileEncoding = 4; lastKnownFileType = sourcecode.swift; path = GroceryItem.swift; sourceTree = "<group>"; };
		D8EE28441F2B962B0066657E /* GroceryItemModelController.swift */ = {isa = PBXFileReference; fileEncoding = 4; lastKnownFileType = sourcecode.swift; path = GroceryItemModelController.swift; sourceTree = "<group>"; };
/* End PBXFileReference section */

/* Begin PBXFrameworksBuildPhase section */
		D8EE28201F2B92A80066657E /* Frameworks */ = {
			isa = PBXFrameworksBuildPhase;
			buildActionMask = 2147483647;
			files = (
			);
			runOnlyForDeploymentPostprocessing = 0;
		};
/* End PBXFrameworksBuildPhase section */

/* Begin PBXGroup section */
		D8EE281A1F2B92A80066657E = {
			isa = PBXGroup;
			children = (
				D8EE28251F2B92A80066657E /* Shopping List */,
				D8EE28241F2B92A80066657E /* Products */,
			);
			sourceTree = "<group>";
		};
		D8EE28241F2B92A80066657E /* Products */ = {
			isa = PBXGroup;
			children = (
				D8EE28231F2B92A80066657E /* Shopping List.app */,
			);
			name = Products;
			sourceTree = "<group>";
		};
		D8EE28251F2B92A80066657E /* Shopping List */ = {
			isa = PBXGroup;
			children = (
				D8EE28261F2B92A80066657E /* AppDelegate.swift */,
				D8EE28411F2B95230066657E /* CoreData */,
				D8EE283B1F2B93950066657E /* UI */,
				D8EE28381F2B92AF0066657E /* Resources */,
			);
			path = "Shopping List";
			sourceTree = "<group>";
		};
		D8EE28381F2B92AF0066657E /* Resources */ = {
			isa = PBXGroup;
			children = (
				D8EE282D1F2B92A80066657E /* Assets.xcassets */,
				D8EE282F1F2B92A80066657E /* LaunchScreen.storyboard */,
				D8EE28321F2B92A80066657E /* Info.plist */,
			);
			name = Resources;
			sourceTree = "<group>";
		};
		D8EE283B1F2B93950066657E /* UI */ = {
			isa = PBXGroup;
			children = (
				D8EE282A1F2B92A80066657E /* Main.storyboard */,
				D8EE28391F2B93900066657E /* ShoppingListTableViewController.swift */,
				D8D884FF1F2BA170009E549B /* GroceryItemTableViewCell.swift */,
			);
			name = UI;
			sourceTree = "<group>";
		};
		D8EE28411F2B95230066657E /* CoreData */ = {
			isa = PBXGroup;
			children = (
				D8EE283E1F2B94D10066657E /* Shopping List.xcdatamodeld */,
				D8EE283C1F2B93B50066657E /* CoreDataStack.swift */,
				D8EE28421F2B956A0066657E /* GroceryItem.swift */,
				D8EE28441F2B962B0066657E /* GroceryItemModelController.swift */,
			);
			name = CoreData;
			sourceTree = "<group>";
		};
/* End PBXGroup section */

/* Begin PBXNativeTarget section */
		D8EE28221F2B92A80066657E /* Shopping List */ = {
			isa = PBXNativeTarget;
			buildConfigurationList = D8EE28351F2B92A80066657E /* Build configuration list for PBXNativeTarget "Shopping List" */;
			buildPhases = (
				D8EE281F1F2B92A80066657E /* Sources */,
				D8EE28201F2B92A80066657E /* Frameworks */,
				D8EE28211F2B92A80066657E /* Resources */,
			);
			buildRules = (
			);
			dependencies = (
			);
			name = "Shopping List";
			productName = "Shopping List";
			productReference = D8EE28231F2B92A80066657E /* Shopping List.app */;
			productType = "com.apple.product-type.application";
		};
/* End PBXNativeTarget section */

/* Begin PBXProject section */
		D8EE281B1F2B92A80066657E /* Project object */ = {
			isa = PBXProject;
			attributes = {
				LastSwiftUpdateCheck = 0830;
				LastUpgradeCheck = 0830;
				ORGANIZATIONNAME = "Joe Lucero";
				TargetAttributes = {
					D8EE28221F2B92A80066657E = {
						CreatedOnToolsVersion = 8.3.3;
						DevelopmentTeam = 53BVAZ8K9G;
						ProvisioningStyle = Automatic;
					};
				};
			};
			buildConfigurationList = D8EE281E1F2B92A80066657E /* Build configuration list for PBXProject "Shopping List" */;
			compatibilityVersion = "Xcode 3.2";
			developmentRegion = English;
			hasScannedForEncodings = 0;
			knownRegions = (
				en,
				Base,
			);
			mainGroup = D8EE281A1F2B92A80066657E;
			productRefGroup = D8EE28241F2B92A80066657E /* Products */;
			projectDirPath = "";
			projectRoot = "";
			targets = (
				D8EE28221F2B92A80066657E /* Shopping List */,
			);
		};
/* End PBXProject section */

/* Begin PBXResourcesBuildPhase section */
		D8EE28211F2B92A80066657E /* Resources */ = {
			isa = PBXResourcesBuildPhase;
			buildActionMask = 2147483647;
			files = (
				D8EE28311F2B92A80066657E /* LaunchScreen.storyboard in Resources */,
				D8EE282E1F2B92A80066657E /* Assets.xcassets in Resources */,
				D8EE282C1F2B92A80066657E /* Main.storyboard in Resources */,
			);
			runOnlyForDeploymentPostprocessing = 0;
		};
/* End PBXResourcesBuildPhase section */

/* Begin PBXSourcesBuildPhase section */
		D8EE281F1F2B92A80066657E /* Sources */ = {
			isa = PBXSourcesBuildPhase;
			buildActionMask = 2147483647;
			files = (
				D8EE283D1F2B93B50066657E /* CoreDataStack.swift in Sources */,
				D8D885001F2BA170009E549B /* GroceryItemTableViewCell.swift in Sources */,
				D8EE28271F2B92A80066657E /* AppDelegate.swift in Sources */,
				D8EE28401F2B94D10066657E /* Shopping List.xcdatamodeld in Sources */,
				D8EE28431F2B956A0066657E /* GroceryItem.swift in Sources */,
				D8EE28451F2B962B0066657E /* GroceryItemModelController.swift in Sources */,
				D8EE283A1F2B93900066657E /* ShoppingListTableViewController.swift in Sources */,
			);
			runOnlyForDeploymentPostprocessing = 0;
		};
/* End PBXSourcesBuildPhase section */

/* Begin PBXVariantGroup section */
		D8EE282A1F2B92A80066657E /* Main.storyboard */ = {
			isa = PBXVariantGroup;
			children = (
				D8EE282B1F2B92A80066657E /* Base */,
			);
			name = Main.storyboard;
			sourceTree = "<group>";
		};
		D8EE282F1F2B92A80066657E /* LaunchScreen.storyboard */ = {
			isa = PBXVariantGroup;
			children = (
				D8EE28301F2B92A80066657E /* Base */,
			);
			name = LaunchScreen.storyboard;
			sourceTree = "<group>";
		};
/* End PBXVariantGroup section */

/* Begin XCBuildConfiguration section */
		D8EE28331F2B92A80066657E /* Debug */ = {
			isa = XCBuildConfiguration;
			buildSettings = {
				ALWAYS_SEARCH_USER_PATHS = NO;
				CLANG_ANALYZER_NONNULL = YES;
				CLANG_ANALYZER_NUMBER_OBJECT_CONVERSION = YES_AGGRESSIVE;
				CLANG_CXX_LANGUAGE_STANDARD = "gnu++0x";
				CLANG_CXX_LIBRARY = "libc++";
				CLANG_ENABLE_MODULES = YES;
				CLANG_ENABLE_OBJC_ARC = YES;
				CLANG_WARN_BOOL_CONVERSION = YES;
				CLANG_WARN_CONSTANT_CONVERSION = YES;
				CLANG_WARN_DIRECT_OBJC_ISA_USAGE = YES_ERROR;
				CLANG_WARN_DOCUMENTATION_COMMENTS = YES;
				CLANG_WARN_EMPTY_BODY = YES;
				CLANG_WARN_ENUM_CONVERSION = YES;
				CLANG_WARN_INFINITE_RECURSION = YES;
				CLANG_WARN_INT_CONVERSION = YES;
				CLANG_WARN_OBJC_ROOT_CLASS = YES_ERROR;
				CLANG_WARN_SUSPICIOUS_MOVE = YES;
				CLANG_WARN_UNREACHABLE_CODE = YES;
				CLANG_WARN__DUPLICATE_METHOD_MATCH = YES;
				"CODE_SIGN_IDENTITY[sdk=iphoneos*]" = "iPhone Developer";
				COPY_PHASE_STRIP = NO;
				DEBUG_INFORMATION_FORMAT = dwarf;
				ENABLE_STRICT_OBJC_MSGSEND = YES;
				ENABLE_TESTABILITY = YES;
				GCC_C_LANGUAGE_STANDARD = gnu99;
				GCC_DYNAMIC_NO_PIC = NO;
				GCC_NO_COMMON_BLOCKS = YES;
				GCC_OPTIMIZATION_LEVEL = 0;
				GCC_PREPROCESSOR_DEFINITIONS = (
					"DEBUG=1",
					"$(inherited)",
				);
				GCC_WARN_64_TO_32_BIT_CONVERSION = YES;
				GCC_WARN_ABOUT_RETURN_TYPE = YES_ERROR;
				GCC_WARN_UNDECLARED_SELECTOR = YES;
				GCC_WARN_UNINITIALIZED_AUTOS = YES_AGGRESSIVE;
				GCC_WARN_UNUSED_FUNCTION = YES;
				GCC_WARN_UNUSED_VARIABLE = YES;
				IPHONEOS_DEPLOYMENT_TARGET = 10.3;
				MTL_ENABLE_DEBUG_INFO = YES;
				ONLY_ACTIVE_ARCH = YES;
				SDKROOT = iphoneos;
				SWIFT_ACTIVE_COMPILATION_CONDITIONS = DEBUG;
				SWIFT_OPTIMIZATION_LEVEL = "-Onone";
			};
			name = Debug;
		};
		D8EE28341F2B92A80066657E /* Release */ = {
			isa = XCBuildConfiguration;
			buildSettings = {
				ALWAYS_SEARCH_USER_PATHS = NO;
				CLANG_ANALYZER_NONNULL = YES;
				CLANG_ANALYZER_NUMBER_OBJECT_CONVERSION = YES_AGGRESSIVE;
				CLANG_CXX_LANGUAGE_STANDARD = "gnu++0x";
				CLANG_CXX_LIBRARY = "libc++";
				CLANG_ENABLE_MODULES = YES;
				CLANG_ENABLE_OBJC_ARC = YES;
				CLANG_WARN_BOOL_CONVERSION = YES;
				CLANG_WARN_CONSTANT_CONVERSION = YES;
				CLANG_WARN_DIRECT_OBJC_ISA_USAGE = YES_ERROR;
				CLANG_WARN_DOCUMENTATION_COMMENTS = YES;
				CLANG_WARN_EMPTY_BODY = YES;
				CLANG_WARN_ENUM_CONVERSION = YES;
				CLANG_WARN_INFINITE_RECURSION = YES;
				CLANG_WARN_INT_CONVERSION = YES;
				CLANG_WARN_OBJC_ROOT_CLASS = YES_ERROR;
				CLANG_WARN_SUSPICIOUS_MOVE = YES;
				CLANG_WARN_UNREACHABLE_CODE = YES;
				CLANG_WARN__DUPLICATE_METHOD_MATCH = YES;
				"CODE_SIGN_IDENTITY[sdk=iphoneos*]" = "iPhone Developer";
				COPY_PHASE_STRIP = NO;
				DEBUG_INFORMATION_FORMAT = "dwarf-with-dsym";
				ENABLE_NS_ASSERTIONS = NO;
				ENABLE_STRICT_OBJC_MSGSEND = YES;
				GCC_C_LANGUAGE_STANDARD = gnu99;
				GCC_NO_COMMON_BLOCKS = YES;
				GCC_WARN_64_TO_32_BIT_CONVERSION = YES;
				GCC_WARN_ABOUT_RETURN_TYPE = YES_ERROR;
				GCC_WARN_UNDECLARED_SELECTOR = YES;
				GCC_WARN_UNINITIALIZED_AUTOS = YES_AGGRESSIVE;
				GCC_WARN_UNUSED_FUNCTION = YES;
				GCC_WARN_UNUSED_VARIABLE = YES;
				IPHONEOS_DEPLOYMENT_TARGET = 10.3;
				MTL_ENABLE_DEBUG_INFO = NO;
				SDKROOT = iphoneos;
				SWIFT_OPTIMIZATION_LEVEL = "-Owholemodule";
				VALIDATE_PRODUCT = YES;
			};
			name = Release;
		};
		D8EE28361F2B92A80066657E /* Debug */ = {
			isa = XCBuildConfiguration;
			buildSettings = {
				ASSETCATALOG_COMPILER_APPICON_NAME = AppIcon;
				DEVELOPMENT_TEAM = 53BVAZ8K9G;
				INFOPLIST_FILE = "Shopping List/Info.plist";
				LD_RUNPATH_SEARCH_PATHS = "$(inherited) @executable_path/Frameworks";
				PRODUCT_BUNDLE_IDENTIFIER = "com.iOSDevelopr.Shopping-List";
				PRODUCT_NAME = "$(TARGET_NAME)";
				SWIFT_VERSION = 3.0;
			};
			name = Debug;
		};
		D8EE28371F2B92A80066657E /* Release */ = {
			isa = XCBuildConfiguration;
			buildSettings = {
				ASSETCATALOG_COMPILER_APPICON_NAME = AppIcon;
				DEVELOPMENT_TEAM = 53BVAZ8K9G;
				INFOPLIST_FILE = "Shopping List/Info.plist";
				LD_RUNPATH_SEARCH_PATHS = "$(inherited) @executable_path/Frameworks";
				PRODUCT_BUNDLE_IDENTIFIER = "com.iOSDevelopr.Shopping-List";
				PRODUCT_NAME = "$(TARGET_NAME)";
				SWIFT_VERSION = 3.0;
			};
			name = Release;
		};
/* End XCBuildConfiguration section */

/* Begin XCConfigurationList section */
		D8EE281E1F2B92A80066657E /* Build configuration list for PBXProject "Shopping List" */ = {
			isa = XCConfigurationList;
			buildConfigurations = (
				D8EE28331F2B92A80066657E /* Debug */,
				D8EE28341F2B92A80066657E /* Release */,
			);
			defaultConfigurationIsVisible = 0;
			defaultConfigurationName = Release;
		};
		D8EE28351F2B92A80066657E /* Build configuration list for PBXNativeTarget "Shopping List" */ = {
			isa = XCConfigurationList;
			buildConfigurations = (
				D8EE28361F2B92A80066657E /* Debug */,
				D8EE28371F2B92A80066657E /* Release */,
			);
			defaultConfigurationIsVisible = 0;
			defaultConfigurationName = Release;
		};
/* End XCConfigurationList section */

/* Begin XCVersionGroup section */
		D8EE283E1F2B94D10066657E /* Shopping List.xcdatamodeld */ = {
			isa = XCVersionGroup;
			children = (
				D8EE283F1F2B94D10066657E /* Shopping List.xcdatamodel */,
			);
			currentVersion = D8EE283F1F2B94D10066657E /* Shopping List.xcdatamodel */;
			path = "Shopping List.xcdatamodeld";
			sourceTree = "<group>";
			versionGroupType = wrapper.xcdatamodel;
		};
/* End XCVersionGroup section */
	};
	rootObject = D8EE281B1F2B92A80066657E /* Project object */;
}
